
Microsoft Visual Studio Solution File, Format Version 12.00
# Visual Studio Version 16
VisualStudioVersion = 16.0.31624.102
MinimumVisualStudioVersion = 10.0.40219.1
Project("{FAE04EC0-301F-11D3-BF4B-00C04F79EFBC}") = "senai_spmed_webAPI", "senai_spmed_webAPI\senai_spmed_webAPI.csproj", "{10ECBB19-573D-4CA1-AA90-3E58BC0CA5A4}"
EndProject
Global
	GlobalSection(SolutionConfigurationPlatforms) = preSolution
		Debug|Any CPU = Debug|Any CPU
		Release|Any CPU = Release|Any CPU
	EndGlobalSection
	GlobalSection(ProjectConfigurationPlatforms) = postSolution
		{10ECBB19-573D-4CA1-AA90-3E58BC0CA5A4}.Debug|Any CPU.ActiveCfg = Debug|Any CPU
		{10ECBB19-573D-4CA1-AA90-3E58BC0CA5A4}.Debug|Any CPU.Build.0 = Debug|Any CPU
		{10ECBB19-573D-4CA1-AA90-3E58BC0CA5A4}.Release|Any CPU.ActiveCfg = Release|Any CPU
		{10ECBB19-573D-4CA1-AA90-3E58BC0CA5A4}.Release|Any CPU.Build.0 = Release|Any CPU
	EndGlobalSection
	GlobalSection(SolutionProperties) = preSolution
		HideSolutionNode = FALSE
	EndGlobalSection
	GlobalSection(ExtensibilityGlobals) = postSolution
		SolutionGuid = {F76A28AD-E918-400C-8A75-6A1CF85AFC65}
	EndGlobalSection
EndGlobal
